
Microsoft Visual Studio Solution File, Format Version 12.00
Project("{FAE04EC0-301F-11D3-BF4B-00C04F79EFBC}") = "HRAcuity.Application", "src\HRAcuity.Application\HRAcuity.Application.csproj", "{D4F7DB71-B0CC-485A-85ED-742023E57181}"
EndProject
Project("{2150E333-8FDC-42A3-9474-1A3956D46DE8}") = "src", "src", "{CC4C85DF-BF7E-4BE0-95B2-57DE0E7CA342}"
EndProject
Project("{2150E333-8FDC-42A3-9474-1A3956D46DE8}") = "test", "test", "{D3BBEB61-DA8F-4FAE-8342-A3022153E435}"
EndProject
Project("{FAE04EC0-301F-11D3-BF4B-00C04F79EFBC}") = "Tests.Unit", "tests\Tests.Unit\Tests.Unit.csproj", "{53C09F5D-6066-45E1-A5BC-C6A748E166AE}"
EndProject
Project("{FAE04EC0-301F-11D3-BF4B-00C04F79EFBC}") = "Tests.Integration", "tests\Tests.Integration\Tests.Integration.csproj", "{AC6A859C-1DD8-4785-9E66-DE182814E3AC}"
EndProject
Project("{FAE04EC0-301F-11D3-BF4B-00C04F79EFBC}") = "HRAcuity.Presentation.WebApi", "src\Presentation\HRAcuity.Presentation.WebApi\HRAcuity.Presentation.WebApi.csproj", "{859EB52E-CBD7-4387-BB70-2C0EF8EB3A41}"
EndProject
Project("{2150E333-8FDC-42A3-9474-1A3956D46DE8}") = "Presentation", "Presentation", "{91325F79-2765-4904-908D-281DB71270F1}"
EndProject
Project("{2150E333-8FDC-42A3-9474-1A3956D46DE8}") = "Infrastructure", "Infrastructure", "{3DE157A9-63C5-43E6-821D-D54E843B09DF}"
EndProject
Project("{FAE04EC0-301F-11D3-BF4B-00C04F79EFBC}") = "HRAcuity.Persistence", "src\Infrastructure\HRAcuity.Persistence\HRAcuity.Persistence.csproj", "{08613CF6-FA6F-479C-906A-329AF96CE72D}"
EndProject
Project("{FAE04EC0-301F-11D3-BF4B-00C04F79EFBC}") = "Tests.Common", "tests\Tests.Common\Tests.Common.csproj", "{878F079F-AB78-41D3-8E23-EBFD53D1561F}"
EndProject
Project("{FAE04EC0-301F-11D3-BF4B-00C04F79EFBC}") = "HRAcuity.Persistence.Postgres", "src\Infrastructure\HRAcuity.Persistence.Postgres\HRAcuity.Persistence.Postgres.csproj", "{BB4AFBFA-B4DF-4A24-B6DF-109AB84BAA37}"
EndProject
Project("{FAE04EC0-301F-11D3-BF4B-00C04F79EFBC}") = "HRAcuity.Presentation.Blazor", "src\Presentation\HRAcuity.Presentation.Blazor\HRAcuity.Presentation.Blazor.csproj", "{F0808DA2-1A10-4126-9753-381216609088}"
EndProject
Global
	GlobalSection(SolutionConfigurationPlatforms) = preSolution
		Debug|Any CPU = Debug|Any CPU
		Release|Any CPU = Release|Any CPU
	EndGlobalSection
	GlobalSection(ProjectConfigurationPlatforms) = postSolution
		{D4F7DB71-B0CC-485A-85ED-742023E57181}.Debug|Any CPU.ActiveCfg = Debug|Any CPU
		{D4F7DB71-B0CC-485A-85ED-742023E57181}.Debug|Any CPU.Build.0 = Debug|Any CPU
		{D4F7DB71-B0CC-485A-85ED-742023E57181}.Release|Any CPU.ActiveCfg = Release|Any CPU
		{D4F7DB71-B0CC-485A-85ED-742023E57181}.Release|Any CPU.Build.0 = Release|Any CPU
		{53C09F5D-6066-45E1-A5BC-C6A748E166AE}.Debug|Any CPU.ActiveCfg = Debug|Any CPU
		{53C09F5D-6066-45E1-A5BC-C6A748E166AE}.Debug|Any CPU.Build.0 = Debug|Any CPU
		{53C09F5D-6066-45E1-A5BC-C6A748E166AE}.Release|Any CPU.ActiveCfg = Release|Any CPU
		{53C09F5D-6066-45E1-A5BC-C6A748E166AE}.Release|Any CPU.Build.0 = Release|Any CPU
		{AC6A859C-1DD8-4785-9E66-DE182814E3AC}.Debug|Any CPU.ActiveCfg = Debug|Any CPU
		{AC6A859C-1DD8-4785-9E66-DE182814E3AC}.Debug|Any CPU.Build.0 = Debug|Any CPU
		{AC6A859C-1DD8-4785-9E66-DE182814E3AC}.Release|Any CPU.ActiveCfg = Release|Any CPU
		{AC6A859C-1DD8-4785-9E66-DE182814E3AC}.Release|Any CPU.Build.0 = Release|Any CPU
		{859EB52E-CBD7-4387-BB70-2C0EF8EB3A41}.Debug|Any CPU.ActiveCfg = Debug|Any CPU
		{859EB52E-CBD7-4387-BB70-2C0EF8EB3A41}.Debug|Any CPU.Build.0 = Debug|Any CPU
		{859EB52E-CBD7-4387-BB70-2C0EF8EB3A41}.Release|Any CPU.ActiveCfg = Release|Any CPU
		{859EB52E-CBD7-4387-BB70-2C0EF8EB3A41}.Release|Any CPU.Build.0 = Release|Any CPU
		{08613CF6-FA6F-479C-906A-329AF96CE72D}.Debug|Any CPU.ActiveCfg = Debug|Any CPU
		{08613CF6-FA6F-479C-906A-329AF96CE72D}.Debug|Any CPU.Build.0 = Debug|Any CPU
		{08613CF6-FA6F-479C-906A-329AF96CE72D}.Release|Any CPU.ActiveCfg = Release|Any CPU
		{08613CF6-FA6F-479C-906A-329AF96CE72D}.Release|Any CPU.Build.0 = Release|Any CPU
		{878F079F-AB78-41D3-8E23-EBFD53D1561F}.Debug|Any CPU.ActiveCfg = Debug|Any CPU
		{878F079F-AB78-41D3-8E23-EBFD53D1561F}.Debug|Any CPU.Build.0 = Debug|Any CPU
		{878F079F-AB78-41D3-8E23-EBFD53D1561F}.Release|Any CPU.ActiveCfg = Release|Any CPU
		{878F079F-AB78-41D3-8E23-EBFD53D1561F}.Release|Any CPU.Build.0 = Release|Any CPU
		{BB4AFBFA-B4DF-4A24-B6DF-109AB84BAA37}.Debug|Any CPU.ActiveCfg = Debug|Any CPU
		{BB4AFBFA-B4DF-4A24-B6DF-109AB84BAA37}.Debug|Any CPU.Build.0 = Debug|Any CPU
		{BB4AFBFA-B4DF-4A24-B6DF-109AB84BAA37}.Release|Any CPU.ActiveCfg = Release|Any CPU
		{BB4AFBFA-B4DF-4A24-B6DF-109AB84BAA37}.Release|Any CPU.Build.0 = Release|Any CPU
		{F0808DA2-1A10-4126-9753-381216609088}.Debug|Any CPU.ActiveCfg = Debug|Any CPU
		{F0808DA2-1A10-4126-9753-381216609088}.Debug|Any CPU.Build.0 = Debug|Any CPU
		{F0808DA2-1A10-4126-9753-381216609088}.Release|Any CPU.ActiveCfg = Release|Any CPU
		{F0808DA2-1A10-4126-9753-381216609088}.Release|Any CPU.Build.0 = Release|Any CPU
	EndGlobalSection
	GlobalSection(NestedProjects) = preSolution
		{D4F7DB71-B0CC-485A-85ED-742023E57181} = {CC4C85DF-BF7E-4BE0-95B2-57DE0E7CA342}
		{53C09F5D-6066-45E1-A5BC-C6A748E166AE} = {D3BBEB61-DA8F-4FAE-8342-A3022153E435}
		{AC6A859C-1DD8-4785-9E66-DE182814E3AC} = {D3BBEB61-DA8F-4FAE-8342-A3022153E435}
		{91325F79-2765-4904-908D-281DB71270F1} = {CC4C85DF-BF7E-4BE0-95B2-57DE0E7CA342}
		{859EB52E-CBD7-4387-BB70-2C0EF8EB3A41} = {91325F79-2765-4904-908D-281DB71270F1}
		{3DE157A9-63C5-43E6-821D-D54E843B09DF} = {CC4C85DF-BF7E-4BE0-95B2-57DE0E7CA342}
		{08613CF6-FA6F-479C-906A-329AF96CE72D} = {3DE157A9-63C5-43E6-821D-D54E843B09DF}
		{878F079F-AB78-41D3-8E23-EBFD53D1561F} = {D3BBEB61-DA8F-4FAE-8342-A3022153E435}
		{BB4AFBFA-B4DF-4A24-B6DF-109AB84BAA37} = {3DE157A9-63C5-43E6-821D-D54E843B09DF}
		{F0808DA2-1A10-4126-9753-381216609088} = {91325F79-2765-4904-908D-281DB71270F1}
	EndGlobalSection
EndGlobal
